
Microsoft Visual Studio Solution File, Format Version 12.00
# Visual Studio Version 16
VisualStudioVersion = 16.0.31005.135
MinimumVisualStudioVersion = 10.0.40219.1
Project("{FAE04EC0-301F-11D3-BF4B-00C04F79EFBC}") = "RandomNumberAPI", "RandomNumberAPI\RandomNumberAPI.csproj", "{3D4B2DB4-ED89-4213-A578-15A7B7C68DA9}"
EndProject
Global
	GlobalSection(SolutionConfigurationPlatforms) = preSolution
		Debug|Any CPU = Debug|Any CPU
		Release|Any CPU = Release|Any CPU
	EndGlobalSection
	GlobalSection(ProjectConfigurationPlatforms) = postSolution
		{3D4B2DB4-ED89-4213-A578-15A7B7C68DA9}.Debug|Any CPU.ActiveCfg = Debug|Any CPU
		{3D4B2DB4-ED89-4213-A578-15A7B7C68DA9}.Debug|Any CPU.Build.0 = Debug|Any CPU
		{3D4B2DB4-ED89-4213-A578-15A7B7C68DA9}.Release|Any CPU.ActiveCfg = Release|Any CPU
		{3D4B2DB4-ED89-4213-A578-15A7B7C68DA9}.Release|Any CPU.Build.0 = Release|Any CPU
	EndGlobalSection
	GlobalSection(SolutionProperties) = preSolution
		HideSolutionNode = FALSE
	EndGlobalSection
	GlobalSection(ExtensibilityGlobals) = postSolution
		SolutionGuid = {6D62E412-0C50-48B4-9A8A-2E15B25D12B4}
	EndGlobalSection
EndGlobal
